
Microsoft Visual Studio Solution File, Format Version 12.00
# Visual Studio Version 16
VisualStudioVersion = 16.0.30621.155
MinimumVisualStudioVersion = 10.0.40219.1
Project("{FAE04EC0-301F-11D3-BF4B-00C04F79EFBC}") = "4 Rivers Smokehouse", "4 Rivers Smokehouse\4 Rivers Smokehouse.csproj", "{D1273236-1828-4566-859B-B1C84A164769}"
EndProject
Global
	GlobalSection(SolutionConfigurationPlatforms) = preSolution
		Debug|Any CPU = Debug|Any CPU
		Release|Any CPU = Release|Any CPU
	EndGlobalSection
	GlobalSection(ProjectConfigurationPlatforms) = postSolution
		{D1273236-1828-4566-859B-B1C84A164769}.Debug|Any CPU.ActiveCfg = Debug|Any CPU
		{D1273236-1828-4566-859B-B1C84A164769}.Debug|Any CPU.Build.0 = Debug|Any CPU
		{D1273236-1828-4566-859B-B1C84A164769}.Release|Any CPU.ActiveCfg = Release|Any CPU
		{D1273236-1828-4566-859B-B1C84A164769}.Release|Any CPU.Build.0 = Release|Any CPU
	EndGlobalSection
	GlobalSection(SolutionProperties) = preSolution
		HideSolutionNode = FALSE
	EndGlobalSection
	GlobalSection(ExtensibilityGlobals) = postSolution
		SolutionGuid = {0A888666-5DDE-47BE-9829-614CDA4867D9}
	EndGlobalSection
EndGlobal
